<?xml version="1.0" encoding="utf-8"?>
<Project ToolsVersion="4.0" xmlns="http://schemas.microsoft.com/developer/msbuild/2003">
  <ItemGroup>
    <ClCompile Include="GameCamera.cpp" />
    <ClCompile Include="GameData.cpp" />
    <ClCompile Include="main.cpp" />
    <ClCompile Include="Pen.cpp" />
    <ClCompile Include="PenGenerator.cpp" />
    <ClCompile Include="Player.cpp" />
    <ClCompile Include="Scope.cpp" />
    <ClCompile Include="Status.cpp" />
    <ClCompile Include="stdafx.cpp" />
    <ClCompile Include="Title.cpp" />
    <ClCompile Include="Level.cpp" />
    <ClCompile Include="Game.cpp" />
    <ClCompile Include="Item.cpp" />
    <ClCompile Include="EffectManager.cpp" />
    <ClCompile Include="EffectPlay.cpp" />
    <ClCompile Include="Result.cpp" />
    <ClCompile Include="EnemyChildren.cpp">
      <Filter>Enemy</Filter>
    </ClCompile>
    <ClCompile Include="EnemyMan.cpp">
      <Filter>Enemy</Filter>
    </ClCompile>
    <ClCompile Include="EnemyWoman.cpp">
      <Filter>Enemy</Filter>
    </ClCompile>
    <ClCompile Include="StoreItem.cpp">
      <Filter>DestructionItem</Filter>
    </ClCompile>
    <ClCompile Include="Window.cpp">
      <Filter>DestructionItem</Filter>
    </ClCompile>
    <ClCompile Include="Load.cpp" />
    <ClCompile Include="EnemyStatus.cpp" />
    <ClCompile Include="EnemyCat.cpp">
      <Filter>Enemy</Filter>
    </ClCompile>
    <ClCompile Include="EnemyBird.cpp">
      <Filter>Enemy</Filter>
    </ClCompile>
    <ClCompile Include="EnemyDog.cpp">
      <Filter>Enemy</Filter>
    </ClCompile>
    <ClCompile Include="OP.cpp" />
    <ClCompile Include="OP2.cpp" />
    <ClCompile Include="OP3.cpp" />
    <ClCompile Include="OPsound.cpp" />
    <ClCompile Include="GameOver.cpp" />
    <ClCompile Include="TimeUP.cpp" />
    <ClCompile Include="GamePad.cpp" />
    <ClCompile Include="ResultDiagnostic.cpp" />
    <ClCompile Include="Background.cpp">
      <Filter>Enemy</Filter>
    </ClCompile>
  </ItemGroup>
  <ItemGroup>
    <ClInclude Include="Game.h" />
    <ClInclude Include="GameCamera.h" />
    <ClInclude Include="GameData.h" />
    <ClInclude Include="Pen.h" />
    <ClInclude Include="PenGenerator.h" />
    <ClInclude Include="Player.h" />
    <CLInclude Include="resource.h" />
    <ClInclude Include="Scope.h" />
    <ClInclude Include="Status.h" />
    <ClInclude Include="stdafx.h" />
    <ClInclude Include="Title.h" />
    <ClInclude Include="Level.h" />
    <ClInclude Include="Background.h" />
    <ClInclude Include="Item.h" />
    <ClInclude Include="EffectManager.h" />
    <ClInclude Include="EffectPlay.h" />
    <ClInclude Include="Result.h" />
    <ClInclude Include="EnemyChildren.h">
      <Filter>Enemy</Filter>
    </ClInclude>
    <ClInclude Include="EnemyMan.h">
      <Filter>Enemy</Filter>
    </ClInclude>
    <ClInclude Include="EnemyWoman.h">
      <Filter>Enemy</Filter>
    </ClInclude>
    <ClInclude Include="StoreItem.h">
      <Filter>DestructionItem</Filter>
    </ClInclude>
    <ClInclude Include="Window.h">
      <Filter>DestructionItem</Filter>
    </ClInclude>
    <ClInclude Include="Load.h" />
    <ClInclude Include="EnemyStatus.h" />
    <ClInclude Include="EnemyBird.h">
      <Filter>Enemy</Filter>
    </ClInclude>
    <ClInclude Include="EnemyCat.h">
      <Filter>Enemy</Filter>
    </ClInclude>
    <ClInclude Include="EnemyDog.h">
      <Filter>Enemy</Filter>
    </ClInclude>
    <ClInclude Include="OP.h" />
    <ClInclude Include="OP2.h" />
    <ClInclude Include="OP3.h" />
    <ClInclude Include="OPsound.h" />
    <ClInclude Include="GameOver.h" />
    <ClInclude Include="TimeUP.h" />
    <ClInclude Include="GamePad.h" />
    <ClInclude Include="ResultDiagnostic.h" />
  </ItemGroup>
  <ItemGroup>
    <ResourceCompile Include="Game.rc" />
  </ItemGroup>
  <ItemGroup>
    <Filter Include="Aseets">
      <UniqueIdentifier>{3578e82c-dc2e-4e4a-b3cd-53af985f2f27}</UniqueIdentifier>
    </Filter>
    <Filter Include="Aseets\sprite">
      <UniqueIdentifier>{3ff30b10-8463-4f3e-a71d-e79238500d97}</UniqueIdentifier>
    </Filter>
    <Filter Include="Aseets\modelData">
      <UniqueIdentifier>{b663bc47-a331-4d4b-8bba-c0053924a209}</UniqueIdentifier>
    </Filter>
    <Filter Include="Aseets\modelData\Children">
      <UniqueIdentifier>{4849e636-7126-48c2-a6b5-fb7d5ea436c4}</UniqueIdentifier>
    </Filter>
    <Filter Include="Aseets\modelData\Man">
      <UniqueIdentifier>{f662bb5f-7029-4b7e-ae28-57aa07eb722c}</UniqueIdentifier>
    </Filter>
    <Filter Include="Aseets\modelData\Woman">
      <UniqueIdentifier>{97d6d425-49bf-4397-aa27-855c2be00656}</UniqueIdentifier>
    </Filter>
    <Filter Include="Aseets\modelData\ste">
      <UniqueIdentifier>{d7a54c5e-d7c5-4c0f-a0a3-d9ffff52decd}</UniqueIdentifier>
    </Filter>
    <Filter Include="Aseets\modelData\ste\store_item">
      <UniqueIdentifier>{b842e904-baf7-4dc4-9f9a-c772afc2c966}</UniqueIdentifier>
    </Filter>
    <Filter Include="Aseets\modelData\karasu">
      <UniqueIdentifier>{8e988fb6-a337-4d8e-9d0f-51b61468cf02}</UniqueIdentifier>
    </Filter>
    <Filter Include="Aseets\modelData\inu">
      <UniqueIdentifier>{c31e3f94-168d-46d1-86e3-e8acd98ccb03}</UniqueIdentifier>
    </Filter>
    <Filter Include="Aseets\modelData\neko">
      <UniqueIdentifier>{658a2120-d2f2-4012-906d-9998a6148d6a}</UniqueIdentifier>
    </Filter>
    <Filter Include="Enemy">
      <UniqueIdentifier>{5693c66e-3c60-46e2-8ef3-12611c6caf0d}</UniqueIdentifier>
    </Filter>
    <Filter Include="DestructionItem">
      <UniqueIdentifier>{75d7179b-c35c-4871-9abc-b797afc21d9c}</UniqueIdentifier>
    </Filter>
    <Filter Include="Aseets\modelData\yuuennti">
      <UniqueIdentifier>{6010a261-2f1d-4f5a-98ca-c586af7e987e}</UniqueIdentifier>
    </Filter>
  </ItemGroup>
  <ItemGroup>
    <ImageContentTask Include="Assets\sprite\dummy.png">
      <Filter>Aseets\sprite</Filter>
    </ImageContentTask>
    <ImageContentTask Include="Assets\sprite\hari.png">
      <Filter>Aseets\sprite</Filter>
    </ImageContentTask>
    <ImageContentTask Include="Assets\sprite\hariS.png">
      <Filter>Aseets\sprite</Filter>
    </ImageContentTask>
    <ImageContentTask Include="Assets\sprite\HPbar.png">
      <Filter>Aseets\sprite</Filter>
    </ImageContentTask>
    <ImageContentTask Include="Assets\sprite\HPBbar.png">
      <Filter>Aseets\sprite</Filter>
    </ImageContentTask>
    <ImageContentTask Include="Assets\sprite\HPWbar.png">
      <Filter>Aseets\sprite</Filter>
    </ImageContentTask>
    <ImageContentTask Include="Assets\sprite\kao .png">
      <Filter>Aseets\sprite</Filter>
    </ImageContentTask>
    <ImageContentTask Include="Assets\sprite\kao2.png">
      <Filter>Aseets\sprite</Filter>
    </ImageContentTask>
    <ImageContentTask Include="Assets\sprite\kao3.png">
      <Filter>Aseets\sprite</Filter>
    </ImageContentTask>
    <ImageContentTask Include="Assets\sprite\kao4.png">
      <Filter>Aseets\sprite</Filter>
    </ImageContentTask>
    <ImageContentTask Include="Assets\sprite\kao5.png">
      <Filter>Aseets\sprite</Filter>
    </ImageContentTask>
    <ImageContentTask Include="Assets\sprite\kao6.png">
      <Filter>Aseets\sprite</Filter>
    </ImageContentTask>
    <ImageContentTask Include="Assets\sprite\midriwaku1.png">
      <Filter>Aseets\sprite</Filter>
    </ImageContentTask>
    <ImageContentTask Include="Assets\sprite\pen.png">
      <Filter>Aseets\sprite</Filter>
    </ImageContentTask>
    <ImageContentTask Include="Assets\sprite\pen2.png">
      <Filter>Aseets\sprite</Filter>
    </ImageContentTask>
    <ImageContentTask Include="Assets\sprite\pen3.png">
      <Filter>Aseets\sprite</Filter>
    </ImageContentTask>
    <ImageContentTask Include="Assets\sprite\pen4.png">
      <Filter>Aseets\sprite</Filter>
    </ImageContentTask>
    <ImageContentTask Include="Assets\sprite\pen5.png">
      <Filter>Aseets\sprite</Filter>
    </ImageContentTask>
    <ImageContentTask Include="Assets\sprite\pen6.png">
      <Filter>Aseets\sprite</Filter>
    </ImageContentTask>
    <ImageContentTask Include="Assets\sprite\pen7.png">
      <Filter>Aseets\sprite</Filter>
    </ImageContentTask>
    <ImageContentTask Include="Assets\sprite\suko.png">
      <Filter>Aseets\sprite</Filter>
    </ImageContentTask>
    <ImageContentTask Include="Assets\sprite\taim.png">
      <Filter>Aseets\sprite</Filter>
    </ImageContentTask>
    <ImageContentTask Include="Assets\sprite\title.png">
      <Filter>Aseets\sprite</Filter>
    </ImageContentTask>
    <ImageContentTask Include="Assets\sprite\waku4.png">
      <Filter>Aseets\sprite</Filter>
    </ImageContentTask>
    <ImageContentTask Include="Assets\sprite\wakuwaku.png">
      <Filter>Aseets\sprite</Filter>
    </ImageContentTask>
    <ImageContentTask Include="Assets\sprite\Titel\saturiku.png">
      <Filter>Aseets\sprite</Filter>
    </ImageContentTask>
    <ImageContentTask Include="Assets\sprite\Titel\saturikuBG.png">
      <Filter>Aseets\sprite</Filter>
    </ImageContentTask>
    <ImageContentTask Include="Assets\sprite\Titel\saturikunopen.png">
      <Filter>Aseets\sprite</Filter>
    </ImageContentTask>
    <ImageContentTask Include="Assets\sprite\Titel\saturikupen.png">
      <Filter>Aseets\sprite</Filter>
    </ImageContentTask>
    <ImageContentTask Include="Assets\sprite\Titel\ti.png">
      <Filter>Aseets\sprite</Filter>
    </ImageContentTask>
    <ImageContentTask Include="Assets\sprite\Titel\yazirusi.png">
      <Filter>Aseets\sprite</Filter>
    </ImageContentTask>
    <ImageContentTask Include="Assets\sprite\Titel\zange.png">
      <Filter>Aseets\sprite</Filter>
    </ImageContentTask>
    <ImageContentTask Include="Assets\sprite\Result\sougou.png">
      <Filter>Aseets\sprite</Filter>
    </ImageContentTask>
    <ImageContentTask Include="Assets\sprite\Result\anata.png">
      <Filter>Aseets\sprite</Filter>
    </ImageContentTask>
    <ImageContentTask Include="Assets\sprite\Titel\hazimeru1.png">
      <Filter>Aseets\sprite</Filter>
    </ImageContentTask>
    <ImageContentTask Include="Assets\sprite\Result\hikari.png">
      <Filter>Aseets\sprite</Filter>
    </ImageContentTask>
    <ImageContentTask Include="Assets\sprite\Result\Tti.png">
      <Filter>Aseets\sprite</Filter>
    </ImageContentTask>
    <ImageContentTask Include="Assets\sprite\Result\tumido.png">
      <Filter>Aseets\sprite</Filter>
    </ImageContentTask>
    <ImageContentTask Include="Assets\sprite\Result\zennindo.png">
      <Filter>Aseets\sprite</Filter>
    </ImageContentTask>
    <ImageContentTask Include="Assets\sprite\Result\ZH.png">
      <Filter>Aseets\sprite</Filter>
    </ImageContentTask>
    <ImageContentTask Include="Assets\sprite\Result\ti2.png">
      <Filter>Aseets\sprite</Filter>
    </ImageContentTask>
    <ImageContentTask Include="Assets\sprite\Result\RH.png">
      <Filter>Aseets\sprite</Filter>
    </ImageContentTask>
    <ImageContentTask Include="Assets\sprite\Load\Load.png">
      <Filter>Aseets\sprite</Filter>
    </ImageContentTask>
    <ImageContentTask Include="Assets\sprite\Load\haikeii.png">
      <Filter>Aseets\sprite</Filter>
    </ImageContentTask>
    <ImageContentTask Include="Assets\sprite\AHP\Awaku.png">
      <Filter>Aseets\sprite</Filter>
    </ImageContentTask>
    <ImageContentTask Include="Assets\sprite\AHP\AWhp.png">
      <Filter>Aseets\sprite</Filter>
    </ImageContentTask>
    <ImageContentTask Include="Assets\sprite\Titel\sousa.png" />
  </ItemGroup>
  <ItemGroup>
    <MeshContentTask Include="Assets\modelData\Children\kodomo120.fbx">
      <Filter>Aseets\modelData\Children</Filter>
    </MeshContentTask>
    <MeshContentTask Include="Assets\modelData\Children\kodomo.fbx">
      <Filter>Aseets\modelData\Children</Filter>
    </MeshContentTask>
    <MeshContentTask Include="Assets\modelData\Man\otoko.fbx">
      <Filter>Aseets\modelData\Man</Filter>
    </MeshContentTask>
    <MeshContentTask Include="Assets\modelData\Woman\onna.FBX">
      <Filter>Aseets\modelData\Woman</Filter>
    </MeshContentTask>
    <MeshContentTask Include="Assets\modelData\ya.FBX">
      <Filter>Aseets\modelData</Filter>
    </MeshContentTask>
    <MeshContentTask Include="Assets\modelData\Item.FBX">
      <Filter>Aseets\modelData</Filter>
    </MeshContentTask>
    <MeshContentTask Include="Assets\modelData\ste\store_item\Orangestripe.FBX">
      <Filter>Aseets\modelData\ste\store_item</Filter>
    </MeshContentTask>
    <MeshContentTask Include="Assets\modelData\ste\store_item\Pinkgas.FBX">
      <Filter>Aseets\modelData\ste\store_item</Filter>
    </MeshContentTask>
    <MeshContentTask Include="Assets\modelData\ste\store_item\Redstripe.FBX">
      <Filter>Aseets\modelData\ste\store_item</Filter>
    </MeshContentTask>
    <MeshContentTask Include="Assets\modelData\ste\store_item\Skinring.FBX">
      <Filter>Aseets\modelData\ste\store_item</Filter>
    </MeshContentTask>
    <MeshContentTask Include="Assets\modelData\ste\store_item\Strawberry_ole.FBX">
      <Filter>Aseets\modelData\ste\store_item</Filter>
    </MeshContentTask>
    <MeshContentTask Include="Assets\modelData\ste\store_item\Ume_onigiri.FBX">
      <Filter>Aseets\modelData\ste\store_item</Filter>
    </MeshContentTask>
    <MeshContentTask Include="Assets\modelData\ste\store_item\Yellowgas.FBX">
      <Filter>Aseets\modelData\ste\store_item</Filter>
    </MeshContentTask>
    <MeshContentTask Include="Assets\modelData\ste\store_item\Yellowstripe.FBX">
      <Filter>Aseets\modelData\ste\store_item</Filter>
    </MeshContentTask>
    <MeshContentTask Include="Assets\modelData\ste\store_item\Yellowteapot.FBX">
      <Filter>Aseets\modelData\ste\store_item</Filter>
    </MeshContentTask>
    <MeshContentTask Include="Assets\modelData\ste\store_item\Apple.FBX">
      <Filter>Aseets\modelData\ste\store_item</Filter>
    </MeshContentTask>
    <MeshContentTask Include="Assets\modelData\ste\store_item\Big_black.FBX">
      <Filter>Aseets\modelData\ste\store_item</Filter>
    </MeshContentTask>
    <MeshContentTask Include="Assets\modelData\ste\store_item\Big_rad.FBX">
      <Filter>Aseets\modelData\ste\store_item</Filter>
    </MeshContentTask>
    <MeshContentTask Include="Assets\modelData\ste\store_item\Blackstripe.FBX">
      <Filter>Aseets\modelData\ste\store_item</Filter>
    </MeshContentTask>
    <MeshContentTask Include="Assets\modelData\ste\store_item\Blackteapot.FBX">
      <Filter>Aseets\modelData\ste\store_item</Filter>
    </MeshContentTask>
    <MeshContentTask Include="Assets\modelData\ste\store_item\Bulegas.FBX">
      <Filter>Aseets\modelData\ste\store_item</Filter>
    </MeshContentTask>
    <MeshContentTask Include="Assets\modelData\ste\store_item\Buleteapot.FBX">
      <Filter>Aseets\modelData\ste\store_item</Filter>
    </MeshContentTask>
    <MeshContentTask Include="Assets\modelData\ste\store_item\Chocodonatu.FBX">
      <Filter>Aseets\modelData\ste\store_item</Filter>
    </MeshContentTask>
    <MeshContentTask Include="Assets\modelData\ste\store_item\Currybread.FBX">
      <Filter>Aseets\modelData\ste\store_item</Filter>
    </MeshContentTask>
    <MeshContentTask Include="Assets\modelData\ste\store_item\Donatu.FBX">
      <Filter>Aseets\modelData\ste\store_item</Filter>
    </MeshContentTask>
    <MeshContentTask Include="Assets\modelData\ste\store_item\Dumpling.FBX">
      <Filter>Aseets\modelData\ste\store_item</Filter>
    </MeshContentTask>
    <MeshContentTask Include="Assets\modelData\ste\store_item\Eggbread.FBX">
      <Filter>Aseets\modelData\ste\store_item</Filter>
    </MeshContentTask>
    <MeshContentTask Include="Assets\modelData\ste\store_item\GGrapes.FBX">
      <Filter>Aseets\modelData\ste\store_item</Filter>
    </MeshContentTask>
    <MeshContentTask Include="Assets\modelData\ste\store_item\Goldring.FBX">
      <Filter>Aseets\modelData\ste\store_item</Filter>
    </MeshContentTask>
    <MeshContentTask Include="Assets\modelData\ste\store_item\Grapes.FBX">
      <Filter>Aseets\modelData\ste\store_item</Filter>
    </MeshContentTask>
    <MeshContentTask Include="Assets\modelData\ste\store_item\Greenteapot.FBX">
      <Filter>Aseets\modelData\ste\store_item</Filter>
    </MeshContentTask>
    <MeshContentTask Include="Assets\modelData\ste\store_item\Konbu_onigiri.FBX">
      <Filter>Aseets\modelData\ste\store_item</Filter>
    </MeshContentTask>
    <MeshContentTask Include="Assets\modelData\ste\store_item\Matcha_ole.FBX">
      <Filter>Aseets\modelData\ste\store_item</Filter>
    </MeshContentTask>
    <MeshContentTask Include="Assets\modelData\ste\store_item\Mini_black.FBX">
      <Filter>Aseets\modelData\ste\store_item</Filter>
    </MeshContentTask>
    <MeshContentTask Include="Assets\modelData\ste\store_item\Mini_red.FBX">
      <Filter>Aseets\modelData\ste\store_item</Filter>
    </MeshContentTask>
    <MeshContentTask Include="Assets\modelData\ste\store_item\Muscat.FBX">
      <Filter>Aseets\modelData\ste\store_item</Filter>
    </MeshContentTask>
    <MeshContentTask Include="Assets\modelData\ste\store_item\Orange.FBX">
      <Filter>Aseets\modelData\ste\store_item</Filter>
    </MeshContentTask>
    <MeshContentTask Include="Assets\modelData\ste\store_item\Orangegas.FBX">
      <Filter>Aseets\modelData\ste\store_item</Filter>
    </MeshContentTask>
    <MeshContentTask Include="Assets\modelData\ste\sute.fbx">
      <Filter>Aseets\modelData\ste</Filter>
    </MeshContentTask>
    <MeshContentTask Include="Assets\modelData\ste\S_mado.FBX">
      <Filter>Aseets\modelData\ste</Filter>
    </MeshContentTask>
    <MeshContentTask Include="Assets\modelData\karasu\karasuu.fbx">
      <Filter>Aseets\modelData\karasu</Filter>
    </MeshContentTask>
    <MeshContentTask Include="Assets\modelData\inu\inuu.fbx">
      <Filter>Aseets\modelData\inu</Filter>
    </MeshContentTask>
    <MeshContentTask Include="Assets\modelData\neko\neko.fbx">
      <Filter>Aseets\modelData\neko</Filter>
    </MeshContentTask>
    <MeshContentTask Include="Assets\modelData\ste\sute.fbx">
      <Filter>Aseets\modelData\ste</Filter>
    </MeshContentTask>
    <MeshContentTask Include="Assets\modelData\Building.fbx" />
    <MeshContentTask Include="Assets\modelData\floor.FBX" />
    <MeshContentTask Include="Assets\modelData\Housing1.fbx" />
    <MeshContentTask Include="Assets\modelData\Housing2.fbx" />
    <MeshContentTask Include="Assets\modelData\Parks.fbx" />
    <MeshContentTask Include="Assets\modelData\road.fbx" />
    <MeshContentTask Include="Assets\modelData\school.fbx" />
    <MeshContentTask Include="Assets\modelData\stores.fbx" />
    <MeshContentTask Include="Assets\modelData\traffic lights.fbx" />
    <MeshContentTask Include="Assets\modelData\Trail.fbx" />
    <MeshContentTask Include="Assets\modelData\stage01.fbx">
      <Filter>Aseets\modelData</Filter>
    </MeshContentTask>
    <MeshContentTask Include="Assets\modelData\stage\yuuenti\Garden.fbx">
      <Filter>Aseets\modelData\yuuennti</Filter>
    </MeshContentTask>
  </ItemGroup>
  <ItemGroup>
    <Image Include="Assets\sprite\Titel\kidu.png" />
    <Image Include="Assets\sprite\OP\27916828.png" />
    <Image Include="Assets\sprite\OP\aa.png" />
    <Image Include="Assets\sprite\OP\bikkuri.png" />
    <Image Include="Assets\sprite\OP\op2.png" />
    <Image Include="Assets\sprite\OP\op2bikkuri.png" />
    <Image Include="Assets\sprite\OP\op2pen.png" />
    <Image Include="Assets\sprite\OP\op2sore.png" />
    <Image Include="Assets\sprite\OP\op3haikei.png" />
    <Image Include="Assets\sprite\OP\op3hito.png" />
    <Image Include="Assets\sprite\OP\op3kousite1.png" />
    <Image Include="Assets\sprite\OP\op3kousite2.png" />
    <Image Include="Assets\sprite\OP\op3pen.png" />
    <Image Include="Assets\sprite\OP\op3ti.png" />
    <Image Include="Assets\sprite\OP\penOP2.png" />
    <Image Include="Assets\sprite\Time UP\Time UP2.png" />
    <Image Include="Assets\sprite\Time UP\Time UP.png" />
    <Image Include="Assets\sprite\プラス.png" />
  </ItemGroup>
</Project>